
Microsoft Visual Studio Solution File, Format Version 12.00
# Visual Studio Version 17
VisualStudioVersion = 17.11.35327.3
MinimumVisualStudioVersion = 10.0.40219.1
Project("{FAE04EC0-301F-11D3-BF4B-00C04F79EFBC}") = "HelpMi.EL", "HelpMi.Domain\HelpMi.EL.csproj", "{7D12BCA1-8C97-4238-A84F-13B1931FE4FC}"
EndProject
Project("{FAE04EC0-301F-11D3-BF4B-00C04F79EFBC}") = "HelpMi.DAL", "HelpMi.Data\HelpMi.DAL.csproj", "{D23A2F91-E490-4445-93DB-8D5CAFFE8506}"
EndProject
Project("{FAE04EC0-301F-11D3-BF4B-00C04F79EFBC}") = "HelpMi.Web", "HelpMi.Web\HelpMi.Web.csproj", "{C80D73DE-C541-4D45-9E17-94F88B36DFE9}"
EndProject
Project("{FAE04EC0-301F-11D3-BF4B-00C04F79EFBC}") = "HelpMi.BLL", "HelpMi.BLL\HelpMi.BLL.csproj", "{986B0B7F-F353-442F-9494-D1B5778065B8}"
EndProject
Global
	GlobalSection(SolutionConfigurationPlatforms) = preSolution
		Debug|Any CPU = Debug|Any CPU
		Release|Any CPU = Release|Any CPU
	EndGlobalSection
	GlobalSection(ProjectConfigurationPlatforms) = postSolution
		{7D12BCA1-8C97-4238-A84F-13B1931FE4FC}.Debug|Any CPU.ActiveCfg = Debug|Any CPU
		{7D12BCA1-8C97-4238-A84F-13B1931FE4FC}.Debug|Any CPU.Build.0 = Debug|Any CPU
		{7D12BCA1-8C97-4238-A84F-13B1931FE4FC}.Release|Any CPU.ActiveCfg = Release|Any CPU
		{7D12BCA1-8C97-4238-A84F-13B1931FE4FC}.Release|Any CPU.Build.0 = Release|Any CPU
		{D23A2F91-E490-4445-93DB-8D5CAFFE8506}.Debug|Any CPU.ActiveCfg = Debug|Any CPU
		{D23A2F91-E490-4445-93DB-8D5CAFFE8506}.Debug|Any CPU.Build.0 = Debug|Any CPU
		{D23A2F91-E490-4445-93DB-8D5CAFFE8506}.Release|Any CPU.ActiveCfg = Release|Any CPU
		{D23A2F91-E490-4445-93DB-8D5CAFFE8506}.Release|Any CPU.Build.0 = Release|Any CPU
		{C80D73DE-C541-4D45-9E17-94F88B36DFE9}.Debug|Any CPU.ActiveCfg = Debug|Any CPU
		{C80D73DE-C541-4D45-9E17-94F88B36DFE9}.Debug|Any CPU.Build.0 = Debug|Any CPU
		{C80D73DE-C541-4D45-9E17-94F88B36DFE9}.Release|Any CPU.ActiveCfg = Release|Any CPU
		{C80D73DE-C541-4D45-9E17-94F88B36DFE9}.Release|Any CPU.Build.0 = Release|Any CPU
		{986B0B7F-F353-442F-9494-D1B5778065B8}.Debug|Any CPU.ActiveCfg = Debug|Any CPU
		{986B0B7F-F353-442F-9494-D1B5778065B8}.Debug|Any CPU.Build.0 = Debug|Any CPU
		{986B0B7F-F353-442F-9494-D1B5778065B8}.Release|Any CPU.ActiveCfg = Release|Any CPU
		{986B0B7F-F353-442F-9494-D1B5778065B8}.Release|Any CPU.Build.0 = Release|Any CPU
	EndGlobalSection
	GlobalSection(SolutionProperties) = preSolution
		HideSolutionNode = FALSE
	EndGlobalSection
	GlobalSection(ExtensibilityGlobals) = postSolution
		SolutionGuid = {1F7DBA4E-AC63-4F47-BE89-D9C66B747F04}
	EndGlobalSection
EndGlobal
